{
  "name": "@bu0nq/style.scss.function.fluid",
  "version": "0.1.0",
  "lockfileVersion": 3,
  "requires": true,
  "packages": {
    "": {
      "name": "@bu0nq/style.scss.function.fluid",
      "version": "0.1.0",
      "license": "MIT",
      "dependencies": {
        "@bu0nq/style.scss.function.rem": "github:bu0nq/style.scss.function.rem",
        "@bu0nq/style.scss.function.round": "github:bu0nq/style.scss.function.round"
      }
    },
    "node_modules/@bu0nq/style.scss.function.rem": {
      "version": "0.1.0",
      "resolved": "git+ssh://git@github.com/bu0nq/style.scss.function.rem.git#3d5f4fd34c49fd3bb6371ce19ab5166dbcccb536",
      "license": "MIT"
    },
    "node_modules/@bu0nq/style.scss.function.round": {
      "version": "0.1.0",
      "resolved": "git+ssh://git@github.com/bu0nq/style.scss.function.round.git#45640221b17a3b3145007a60e7eb40f0ef3df710",
      "license": "MIT"
    }
  }
}
